
Microsoft Visual Studio Solution File, Format Version 12.00
# Visual Studio Version 17
VisualStudioVersion = 17.2.32526.322
MinimumVisualStudioVersion = 10.0.40219.1
Project("{FAE04EC0-301F-11D3-BF4B-00C04F79EFBC}") = "ResponseProject", "ResponseProject\ResponseProject.csproj", "{3F4B2341-E7F9-4664-B931-811FDE77081E}"
EndProject
Global
	GlobalSection(SolutionConfigurationPlatforms) = preSolution
		Debug|Any CPU = Debug|Any CPU
		Release|Any CPU = Release|Any CPU
	EndGlobalSection
	GlobalSection(ProjectConfigurationPlatforms) = postSolution
		{3F4B2341-E7F9-4664-B931-811FDE77081E}.Debug|Any CPU.ActiveCfg = Debug|Any CPU
		{3F4B2341-E7F9-4664-B931-811FDE77081E}.Debug|Any CPU.Build.0 = Debug|Any CPU
		{3F4B2341-E7F9-4664-B931-811FDE77081E}.Release|Any CPU.ActiveCfg = Release|Any CPU
		{3F4B2341-E7F9-4664-B931-811FDE77081E}.Release|Any CPU.Build.0 = Release|Any CPU
	EndGlobalSection
	GlobalSection(SolutionProperties) = preSolution
		HideSolutionNode = FALSE
	EndGlobalSection
	GlobalSection(ExtensibilityGlobals) = postSolution
		SolutionGuid = {F366175A-538A-432F-99F6-30ADCBDAF94A}
	EndGlobalSection
EndGlobal
